
Microsoft Visual Studio Solution File, Format Version 12.00
# Visual Studio Version 16
VisualStudioVersion = 16.0.31112.23
MinimumVisualStudioVersion = 10.0.40219.1
Project("{FAE04EC0-301F-11D3-BF4B-00C04F79EFBC}") = "Client", "Client\Client.csproj", "{1BEBD675-2362-479D-83BE-2CE9C926BD0F}"
EndProject
Project("{FAE04EC0-301F-11D3-BF4B-00C04F79EFBC}") = "Server", "Server\Server.csproj", "{FBE872B3-D4D5-48D1-B5D1-DDF27012DE78}"
EndProject
Project("{FAE04EC0-301F-11D3-BF4B-00C04F79EFBC}") = "Shared", "Shared\Shared.csproj", "{5D9BC042-4703-454D-AB1E-1B392BC8536E}"
EndProject
Global
	GlobalSection(SolutionConfigurationPlatforms) = preSolution
		Debug|Any CPU = Debug|Any CPU
		Release|Any CPU = Release|Any CPU
	EndGlobalSection
	GlobalSection(ProjectConfigurationPlatforms) = postSolution
		{1BEBD675-2362-479D-83BE-2CE9C926BD0F}.Debug|Any CPU.ActiveCfg = Debug|Any CPU
		{1BEBD675-2362-479D-83BE-2CE9C926BD0F}.Debug|Any CPU.Build.0 = Debug|Any CPU
		{1BEBD675-2362-479D-83BE-2CE9C926BD0F}.Release|Any CPU.ActiveCfg = Release|Any CPU
		{1BEBD675-2362-479D-83BE-2CE9C926BD0F}.Release|Any CPU.Build.0 = Release|Any CPU
		{FBE872B3-D4D5-48D1-B5D1-DDF27012DE78}.Debug|Any CPU.ActiveCfg = Debug|Any CPU
		{FBE872B3-D4D5-48D1-B5D1-DDF27012DE78}.Debug|Any CPU.Build.0 = Debug|Any CPU
		{FBE872B3-D4D5-48D1-B5D1-DDF27012DE78}.Release|Any CPU.ActiveCfg = Release|Any CPU
		{FBE872B3-D4D5-48D1-B5D1-DDF27012DE78}.Release|Any CPU.Build.0 = Release|Any CPU
		{5D9BC042-4703-454D-AB1E-1B392BC8536E}.Debug|Any CPU.ActiveCfg = Debug|Any CPU
		{5D9BC042-4703-454D-AB1E-1B392BC8536E}.Debug|Any CPU.Build.0 = Debug|Any CPU
		{5D9BC042-4703-454D-AB1E-1B392BC8536E}.Release|Any CPU.ActiveCfg = Release|Any CPU
		{5D9BC042-4703-454D-AB1E-1B392BC8536E}.Release|Any CPU.Build.0 = Release|Any CPU
	EndGlobalSection
	GlobalSection(SolutionProperties) = preSolution
		HideSolutionNode = FALSE
	EndGlobalSection
	GlobalSection(ExtensibilityGlobals) = postSolution
		SolutionGuid = {AAFAC6F1-964E-46BE-962C-88ACC6C61C78}
	EndGlobalSection
EndGlobal
